{
  "name": "meerkat-website",
  "lockfileVersion": 3,
  "requires": true,
  "packages": {
    "": {
      "dependencies": {
        "@rkat/web": "0.4.4"
      }
    },
    "node_modules/@rkat/web": {
      "version": "0.4.4",
      "resolved": "https://registry.npmjs.org/@rkat/web/-/web-0.4.4.tgz",
      "integrity": "sha512-0QTqjTomUbcP9Vus4k88iaHyGXAMz85mAzknAI+RhXygxSfyKG7JBMH/Qk3U76xJplwH9k1XTK2LY/PQ9fe3sg==",
      "license": "MIT OR Apache-2.0",
      "bin": {
        "rkat-web-proxy": "proxy/cli.mjs"
      }
    }
  }
}
