{
  "name": "meerkat-website",
  "lockfileVersion": 3,
  "requires": true,
  "packages": {
    "": {
      "dependencies": {
        "@rkat/web": "0.4.3"
      }
    },
    "node_modules/@rkat/web": {
      "version": "0.4.3",
      "resolved": "https://registry.npmjs.org/@rkat/web/-/web-0.4.3.tgz",
      "integrity": "sha512-IsNPKP+dG8ChD28fAW88tROmU7JgZpS6mAigYs+d+wdcCFCv9vBIXyC3wI36I1hCfhQhLJBZJXkX1jfHPJs+xw==",
      "license": "MIT OR Apache-2.0",
      "bin": {
        "rkat-web-proxy": "proxy/cli.mjs"
      }
    }
  }
}
